
Microsoft Visual Studio Solution File, Format Version 12.00
# Visual Studio Version 17
VisualStudioVersion = 17.10.35122.118
MinimumVisualStudioVersion = 10.0.40219.1
Project("{FAE04EC0-301F-11D3-BF4B-00C04F79EFBC}") = "Buoi_018", "Buoi_018\Buoi_018.csproj", "{665ABE99-2179-445A-A3B1-7C6B1F688A9D}"
EndProject
Global
	GlobalSection(SolutionConfigurationPlatforms) = preSolution
		Debug|Any CPU = Debug|Any CPU
		Release|Any CPU = Release|Any CPU
	EndGlobalSection
	GlobalSection(ProjectConfigurationPlatforms) = postSolution
		{665ABE99-2179-445A-A3B1-7C6B1F688A9D}.Debug|Any CPU.ActiveCfg = Debug|Any CPU
		{665ABE99-2179-445A-A3B1-7C6B1F688A9D}.Debug|Any CPU.Build.0 = Debug|Any CPU
		{665ABE99-2179-445A-A3B1-7C6B1F688A9D}.Release|Any CPU.ActiveCfg = Release|Any CPU
		{665ABE99-2179-445A-A3B1-7C6B1F688A9D}.Release|Any CPU.Build.0 = Release|Any CPU
	EndGlobalSection
	GlobalSection(SolutionProperties) = preSolution
		HideSolutionNode = FALSE
	EndGlobalSection
	GlobalSection(ExtensibilityGlobals) = postSolution
		SolutionGuid = {0B0C879D-8689-492C-9854-A4332891E3A3}
	EndGlobalSection
EndGlobal
